Microsoft Visual Studio Solution File, Format Version 12.00
# Visual Studio Version 16
VisualStudioVersion = 16.0.28315.86
MinimumVisualStudioVersion = 10.0.40219.1
Project("{2150E333-8FDC-42A3-9474-1A3956D46DE8}") = "tests", "tests", "{C5A00AC3-B34C-4564-9BDD-2DA473EF4D8B}"
	ProjectSection(SolutionItems) = preProject
		tests\Directory.Packages.props = tests\Directory.Packages.props
	EndProjectSection
EndProject
Project("{2150E333-8FDC-42A3-9474-1A3956D46DE8}") = "samples", "samples", "{9B9E3891-2366-4253-A952-D08BCEB71098}"
	ProjectSection(SolutionItems) = preProject
		samples\Directory.Packages.props = samples\Directory.Packages.props
	EndProjectSection
EndProject
Project("{9A19103F-16F7-4668-BE54-9A1E7A4F7556}") = "BehaviorsTestApplication", "samples\BehaviorsTestApplication\BehaviorsTestApplication.csproj", "{EA113F1A-D8D7-4142-9948-353270E7EBAE}"
EndProject
Project("{9A19103F-16F7-4668-BE54-9A1E7A4F7556}") = "Avalonia.Xaml.Behaviors", "src\Avalonia.Xaml.Behaviors\Avalonia.Xaml.Behaviors.csproj", "{2D9FCE6A-DF13-4037-BC33-7EDB06102A2E}"
EndProject
Project("{9A19103F-16F7-4668-BE54-9A1E7A4F7556}") = "Avalonia.Xaml.Interactivity", "src\Avalonia.Xaml.Interactivity\Avalonia.Xaml.Interactivity.csproj", "{14006EB4-66E9-4B58-BF5F-5A1983BF4621}"
EndProject
Project("{9A19103F-16F7-4668-BE54-9A1E7A4F7556}") = "Avalonia.Xaml.Interactions", "src\Avalonia.Xaml.Interactions\Avalonia.Xaml.Interactions.csproj", "{ED03EEAD-938F-447B-BF0B-30857AE78BFF}"
EndProject
Project("{9A19103F-16F7-4668-BE54-9A1E7A4F7556}") = "Avalonia.Xaml.Interactivity.UnitTests", "tests\Avalonia.Xaml.Interactivity.UnitTests\Avalonia.Xaml.Interactivity.UnitTests.csproj", "{C2229490-39CA-4192-A28C-1B5EC186E027}"
EndProject
Project("{9A19103F-16F7-4668-BE54-9A1E7A4F7556}") = "Avalonia.Xaml.Interactions.UnitTests", "tests\Avalonia.Xaml.Interactions.UnitTests\Avalonia.Xaml.Interactions.UnitTests.csproj", "{80D2C64D-B560-475D-941F-D5F28DDB2591}"
EndProject
Project("{2150E333-8FDC-42A3-9474-1A3956D46DE8}") = "src", "src", "{84224365-32B6-46AF-85A2-45640E6D7EEB}"
EndProject
Project("{2150E333-8FDC-42A3-9474-1A3956D46DE8}") = "build", "build", "{2913483A-3E55-44AE-86BB-88511F372191}"
	ProjectSection(SolutionItems) = preProject
		.editorconfig = .editorconfig
		build\behaviors.public.snk = build\behaviors.public.snk
		build.ps1 = build.ps1
		build.sh = build.sh
		global.json = global.json
		azure-pipelines.yml = azure-pipelines.yml
		Directory.Build.props = Directory.Build.props
		Directory.Packages.props = Directory.Packages.props
	EndProjectSection
EndProject
Project("{2150E333-8FDC-42A3-9474-1A3956D46DE8}") = "props", "props", "{40A43022-EBA7-4E1D-8BB0-2691E41B5622}"
	ProjectSection(SolutionItems) = preProject
		build\SignAssembly.props = build\SignAssembly.props
		build\SourceLink.props = build\SourceLink.props
		build\XUnit.props = build\XUnit.props
	EndProjectSection
EndProject
Project("{2150E333-8FDC-42A3-9474-1A3956D46DE8}") = "nuget", "nuget", "{721A55B7-C5B0-44E2-803A-56E291C672FE}"
	ProjectSection(SolutionItems) = preProject
		NuGet.Config = NuGet.Config
	EndProjectSection
EndProject
Project("{2150E333-8FDC-42A3-9474-1A3956D46DE8}") = "docs", "docs", "{8A0733E3-A184-4BD4-8CB7-478977F3F5FB}"
	ProjectSection(SolutionItems) = preProject
		LICENSE.TXT = LICENSE.TXT
		README.md = README.md
	EndProjectSection
EndProject
Project("{2150E333-8FDC-42A3-9474-1A3956D46DE8}") = "git", "git", "{0B395300-CACE-470D-81A9-69B922FB79DE}"
	ProjectSection(SolutionItems) = preProject
		.gitattributes = .gitattributes
		.gitignore = .gitignore
	EndProjectSection
EndProject
Project("{9A19103F-16F7-4668-BE54-9A1E7A4F7556}") = "_build", "build\build\_build.csproj", "{005E7A00-4EA8-43F6-868E-1F8965D39CAA}"
EndProject
Project("{FAE04EC0-301F-11D3-BF4B-00C04F79EFBC}") = "DragAndDropSample", "samples\DragAndDropSample\DragAndDropSample.csproj", "{438F2B54-FEDB-48C4-B14A-E47541DA443F}"
EndProject
Project("{FAE04EC0-301F-11D3-BF4B-00C04F79EFBC}") = "DraggableDemo", "samples\DraggableDemo\DraggableDemo.csproj", "{D5855901-BEEF-4179-96E8-9DD276C4DAEE}"
EndProject
Project("{2150E333-8FDC-42A3-9474-1A3956D46DE8}") = "github", "github", "{9D4D9F1A-6EE5-4B7D-8991-0601F80F39CD}"
	ProjectSection(SolutionItems) = preProject
		.github\workflows\build.yml = .github\workflows\build.yml
	EndProjectSection
EndProject
Project("{FAE04EC0-301F-11D3-BF4B-00C04F79EFBC}") = "Avalonia.Xaml.Interactions.Responsive", "src\Avalonia.Xaml.Interactions.Responsive\Avalonia.Xaml.Interactions.Responsive.csproj", "{BEC165AA-392E-4193-A762-576A1EB8D40E}"
EndProject
Project("{FAE04EC0-301F-11D3-BF4B-00C04F79EFBC}") = "Avalonia.Xaml.Interactions.Draggable", "src\Avalonia.Xaml.Interactions.Draggable\Avalonia.Xaml.Interactions.Draggable.csproj", "{681EB965-E5B2-4A6F-9938-578FD19E8A15}"
EndProject
Project("{FAE04EC0-301F-11D3-BF4B-00C04F79EFBC}") = "Avalonia.Xaml.Interactions.DragAndDrop", "src\Avalonia.Xaml.Interactions.DragAndDrop\Avalonia.Xaml.Interactions.DragAndDrop.csproj", "{EF243B1A-FF29-41E9-B44B-2E55A73F6CCE}"
EndProject
Project("{FAE04EC0-301F-11D3-BF4B-00C04F79EFBC}") = "Avalonia.Xaml.Interactions.Reactive", "src\Avalonia.Xaml.Interactions.Reactive\Avalonia.Xaml.Interactions.Reactive.csproj", "{D647E09E-BBF2-4432-A4E0-80FBB921C1EE}"
EndProject
Project("{FAE04EC0-301F-11D3-BF4B-00C04F79EFBC}") = "Avalonia.Xaml.Interactions.Events", "src\Avalonia.Xaml.Interactions.Events\Avalonia.Xaml.Interactions.Events.csproj", "{648FFF6A-A8F5-491C-AC1C-19FC2061D6B4}"
EndProject
Project("{FAE04EC0-301F-11D3-BF4B-00C04F79EFBC}") = "Avalonia.Xaml.Interactions.Custom", "src\Avalonia.Xaml.Interactions.Custom\Avalonia.Xaml.Interactions.Custom.csproj", "{0BB3669E-45E4-41E8-B765-7F4A5201C4E0}"
EndProject
Global
	GlobalSection(SolutionConfigurationPlatforms) = preSolution
		Debug|Any CPU = Debug|Any CPU
		Release|Any CPU = Release|Any CPU
	EndGlobalSection
	GlobalSection(ProjectConfigurationPlatforms) = postSolution
		{EA113F1A-D8D7-4142-9948-353270E7EBAE}.Debug|Any CPU.ActiveCfg = Debug|Any CPU
		{EA113F1A-D8D7-4142-9948-353270E7EBAE}.Debug|Any CPU.Build.0 = Debug|Any CPU
		{EA113F1A-D8D7-4142-9948-353270E7EBAE}.Release|Any CPU.ActiveCfg = Release|Any CPU
		{EA113F1A-D8D7-4142-9948-353270E7EBAE}.Release|Any CPU.Build.0 = Release|Any CPU
		{2D9FCE6A-DF13-4037-BC33-7EDB06102A2E}.Debug|Any CPU.ActiveCfg = Debug|Any CPU
		{2D9FCE6A-DF13-4037-BC33-7EDB06102A2E}.Debug|Any CPU.Build.0 = Debug|Any CPU
		{2D9FCE6A-DF13-4037-BC33-7EDB06102A2E}.Release|Any CPU.ActiveCfg = Release|Any CPU
		{2D9FCE6A-DF13-4037-BC33-7EDB06102A2E}.Release|Any CPU.Build.0 = Release|Any CPU
		{14006EB4-66E9-4B58-BF5F-5A1983BF4621}.Debug|Any CPU.ActiveCfg = Debug|Any CPU
		{14006EB4-66E9-4B58-BF5F-5A1983BF4621}.Debug|Any CPU.Build.0 = Debug|Any CPU
		{14006EB4-66E9-4B58-BF5F-5A1983BF4621}.Release|Any CPU.ActiveCfg = Release|Any CPU
		{14006EB4-66E9-4B58-BF5F-5A1983BF4621}.Release|Any CPU.Build.0 = Release|Any CPU
		{ED03EEAD-938F-447B-BF0B-30857AE78BFF}.Debug|Any CPU.ActiveCfg = Debug|Any CPU
		{ED03EEAD-938F-447B-BF0B-30857AE78BFF}.Debug|Any CPU.Build.0 = Debug|Any CPU
		{ED03EEAD-938F-447B-BF0B-30857AE78BFF}.Release|Any CPU.ActiveCfg = Release|Any CPU
		{ED03EEAD-938F-447B-BF0B-30857AE78BFF}.Release|Any CPU.Build.0 = Release|Any CPU
		{C2229490-39CA-4192-A28C-1B5EC186E027}.Debug|Any CPU.ActiveCfg = Debug|Any CPU
		{C2229490-39CA-4192-A28C-1B5EC186E027}.Debug|Any CPU.Build.0 = Debug|Any CPU
		{C2229490-39CA-4192-A28C-1B5EC186E027}.Release|Any CPU.ActiveCfg = Release|Any CPU
		{C2229490-39CA-4192-A28C-1B5EC186E027}.Release|Any CPU.Build.0 = Release|Any CPU
		{80D2C64D-B560-475D-941F-D5F28DDB2591}.Debug|Any CPU.ActiveCfg = Debug|Any CPU
		{80D2C64D-B560-475D-941F-D5F28DDB2591}.Debug|Any CPU.Build.0 = Debug|Any CPU
		{80D2C64D-B560-475D-941F-D5F28DDB2591}.Release|Any CPU.ActiveCfg = Release|Any CPU
		{80D2C64D-B560-475D-941F-D5F28DDB2591}.Release|Any CPU.Build.0 = Release|Any CPU
		{005E7A00-4EA8-43F6-868E-1F8965D39CAA}.Debug|Any CPU.ActiveCfg = Debug|Any CPU
		{005E7A00-4EA8-43F6-868E-1F8965D39CAA}.Debug|Any CPU.Build.0 = Debug|Any CPU
		{005E7A00-4EA8-43F6-868E-1F8965D39CAA}.Release|Any CPU.ActiveCfg = Release|Any CPU
		{005E7A00-4EA8-43F6-868E-1F8965D39CAA}.Release|Any CPU.Build.0 = Release|Any CPU
		{438F2B54-FEDB-48C4-B14A-E47541DA443F}.Debug|Any CPU.ActiveCfg = Debug|Any CPU
		{438F2B54-FEDB-48C4-B14A-E47541DA443F}.Debug|Any CPU.Build.0 = Debug|Any CPU
		{438F2B54-FEDB-48C4-B14A-E47541DA443F}.Release|Any CPU.ActiveCfg = Release|Any CPU
		{438F2B54-FEDB-48C4-B14A-E47541DA443F}.Release|Any CPU.Build.0 = Release|Any CPU
		{D5855901-BEEF-4179-96E8-9DD276C4DAEE}.Debug|Any CPU.ActiveCfg = Debug|Any CPU
		{D5855901-BEEF-4179-96E8-9DD276C4DAEE}.Debug|Any CPU.Build.0 = Debug|Any CPU
		{D5855901-BEEF-4179-96E8-9DD276C4DAEE}.Release|Any CPU.ActiveCfg = Release|Any CPU
		{D5855901-BEEF-4179-96E8-9DD276C4DAEE}.Release|Any CPU.Build.0 = Release|Any CPU
		{BEC165AA-392E-4193-A762-576A1EB8D40E}.Debug|Any CPU.ActiveCfg = Debug|Any CPU
		{BEC165AA-392E-4193-A762-576A1EB8D40E}.Debug|Any CPU.Build.0 = Debug|Any CPU
		{BEC165AA-392E-4193-A762-576A1EB8D40E}.Release|Any CPU.ActiveCfg = Release|Any CPU
		{BEC165AA-392E-4193-A762-576A1EB8D40E}.Release|Any CPU.Build.0 = Release|Any CPU
		{681EB965-E5B2-4A6F-9938-578FD19E8A15}.Debug|Any CPU.ActiveCfg = Debug|Any CPU
		{681EB965-E5B2-4A6F-9938-578FD19E8A15}.Debug|Any CPU.Build.0 = Debug|Any CPU
		{681EB965-E5B2-4A6F-9938-578FD19E8A15}.Release|Any CPU.ActiveCfg = Release|Any CPU
		{681EB965-E5B2-4A6F-9938-578FD19E8A15}.Release|Any CPU.Build.0 = Release|Any CPU
		{EF243B1A-FF29-41E9-B44B-2E55A73F6CCE}.Debug|Any CPU.ActiveCfg = Debug|Any CPU
		{EF243B1A-FF29-41E9-B44B-2E55A73F6CCE}.Debug|Any CPU.Build.0 = Debug|Any CPU
		{EF243B1A-FF29-41E9-B44B-2E55A73F6CCE}.Release|Any CPU.ActiveCfg = Release|Any CPU
		{EF243B1A-FF29-41E9-B44B-2E55A73F6CCE}.Release|Any CPU.Build.0 = Release|Any CPU
		{D647E09E-BBF2-4432-A4E0-80FBB921C1EE}.Debug|Any CPU.ActiveCfg = Debug|Any CPU
		{D647E09E-BBF2-4432-A4E0-80FBB921C1EE}.Debug|Any CPU.Build.0 = Debug|Any CPU
		{D647E09E-BBF2-4432-A4E0-80FBB921C1EE}.Release|Any CPU.ActiveCfg = Release|Any CPU
		{D647E09E-BBF2-4432-A4E0-80FBB921C1EE}.Release|Any CPU.Build.0 = Release|Any CPU
		{648FFF6A-A8F5-491C-AC1C-19FC2061D6B4}.Debug|Any CPU.ActiveCfg = Debug|Any CPU
		{648FFF6A-A8F5-491C-AC1C-19FC2061D6B4}.Debug|Any CPU.Build.0 = Debug|Any CPU
		{648FFF6A-A8F5-491C-AC1C-19FC2061D6B4}.Release|Any CPU.ActiveCfg = Release|Any CPU
		{648FFF6A-A8F5-491C-AC1C-19FC2061D6B4}.Release|Any CPU.Build.0 = Release|Any CPU
		{0BB3669E-45E4-41E8-B765-7F4A5201C4E0}.Debug|Any CPU.ActiveCfg = Debug|Any CPU
		{0BB3669E-45E4-41E8-B765-7F4A5201C4E0}.Debug|Any CPU.Build.0 = Debug|Any CPU
		{0BB3669E-45E4-41E8-B765-7F4A5201C4E0}.Release|Any CPU.ActiveCfg = Release|Any CPU
		{0BB3669E-45E4-41E8-B765-7F4A5201C4E0}.Release|Any CPU.Build.0 = Release|Any CPU
	EndGlobalSection
	GlobalSection(SolutionProperties) = preSolution
		HideSolutionNode = FALSE
	EndGlobalSection
	GlobalSection(NestedProjects) = preSolution
		{EA113F1A-D8D7-4142-9948-353270E7EBAE} = {9B9E3891-2366-4253-A952-D08BCEB71098}
		{2D9FCE6A-DF13-4037-BC33-7EDB06102A2E} = {84224365-32B6-46AF-85A2-45640E6D7EEB}
		{14006EB4-66E9-4B58-BF5F-5A1983BF4621} = {84224365-32B6-46AF-85A2-45640E6D7EEB}
		{ED03EEAD-938F-447B-BF0B-30857AE78BFF} = {84224365-32B6-46AF-85A2-45640E6D7EEB}
		{C2229490-39CA-4192-A28C-1B5EC186E027} = {C5A00AC3-B34C-4564-9BDD-2DA473EF4D8B}
		{80D2C64D-B560-475D-941F-D5F28DDB2591} = {C5A00AC3-B34C-4564-9BDD-2DA473EF4D8B}
		{40A43022-EBA7-4E1D-8BB0-2691E41B5622} = {2913483A-3E55-44AE-86BB-88511F372191}
		{721A55B7-C5B0-44E2-803A-56E291C672FE} = {2913483A-3E55-44AE-86BB-88511F372191}
		{0B395300-CACE-470D-81A9-69B922FB79DE} = {2913483A-3E55-44AE-86BB-88511F372191}
		{005E7A00-4EA8-43F6-868E-1F8965D39CAA} = {2913483A-3E55-44AE-86BB-88511F372191}
		{438F2B54-FEDB-48C4-B14A-E47541DA443F} = {9B9E3891-2366-4253-A952-D08BCEB71098}
		{D5855901-BEEF-4179-96E8-9DD276C4DAEE} = {9B9E3891-2366-4253-A952-D08BCEB71098}
		{9D4D9F1A-6EE5-4B7D-8991-0601F80F39CD} = {2913483A-3E55-44AE-86BB-88511F372191}
		{BEC165AA-392E-4193-A762-576A1EB8D40E} = {84224365-32B6-46AF-85A2-45640E6D7EEB}
		{681EB965-E5B2-4A6F-9938-578FD19E8A15} = {84224365-32B6-46AF-85A2-45640E6D7EEB}
		{EF243B1A-FF29-41E9-B44B-2E55A73F6CCE} = {84224365-32B6-46AF-85A2-45640E6D7EEB}
		{D647E09E-BBF2-4432-A4E0-80FBB921C1EE} = {84224365-32B6-46AF-85A2-45640E6D7EEB}
		{648FFF6A-A8F5-491C-AC1C-19FC2061D6B4} = {84224365-32B6-46AF-85A2-45640E6D7EEB}
		{0BB3669E-45E4-41E8-B765-7F4A5201C4E0} = {84224365-32B6-46AF-85A2-45640E6D7EEB}
	EndGlobalSection
	GlobalSection(ExtensibilityGlobals) = postSolution
		SolutionGuid = {E64CD420-15B1-487C-9806-41EBE6DC15A4}
	EndGlobalSection
EndGlobal
