Microsoft Visual Studio Solution File, Format Version 12.00
# Visual Studio Version 16
VisualStudioVersion = 16.0.28315.86
MinimumVisualStudioVersion = 10.0.40219.1
Project("{2150E333-8FDC-42A3-9474-1A3956D46DE8}") = "tests", "tests", "{C5A00AC3-B34C-4564-9BDD-2DA473EF4D8B}"
EndProject
Project("{2150E333-8FDC-42A3-9474-1A3956D46DE8}") = "samples", "samples", "{9B9E3891-2366-4253-A952-D08BCEB71098}"
EndProject
Project("{9A19103F-16F7-4668-BE54-9A1E7A4F7556}") = "BehaviorsTestApplication", "samples\BehaviorsTestApplication\BehaviorsTestApplication.csproj", "{EA113F1A-D8D7-4142-9948-353270E7EBAE}"
EndProject
Project("{9A19103F-16F7-4668-BE54-9A1E7A4F7556}") = "Avalonia.Xaml.Behaviors", "src\Avalonia.Xaml.Behaviors\Avalonia.Xaml.Behaviors.csproj", "{2D9FCE6A-DF13-4037-BC33-7EDB06102A2E}"
EndProject
Project("{9A19103F-16F7-4668-BE54-9A1E7A4F7556}") = "Avalonia.Xaml.Interactivity", "src\Avalonia.Xaml.Interactivity\Avalonia.Xaml.Interactivity.csproj", "{14006EB4-66E9-4B58-BF5F-5A1983BF4621}"
EndProject
Project("{9A19103F-16F7-4668-BE54-9A1E7A4F7556}") = "Avalonia.Xaml.Interactions", "src\Avalonia.Xaml.Interactions\Avalonia.Xaml.Interactions.csproj", "{ED03EEAD-938F-447B-BF0B-30857AE78BFF}"
EndProject
Project("{9A19103F-16F7-4668-BE54-9A1E7A4F7556}") = "Avalonia.Xaml.Interactions.Custom", "src\Avalonia.Xaml.Interactions.Custom\Avalonia.Xaml.Interactions.Custom.csproj", "{7239203A-1743-42E8-A867-3AC38C39DC2B}"
EndProject
Project("{9A19103F-16F7-4668-BE54-9A1E7A4F7556}") = "Avalonia.Xaml.Interactivity.UnitTests", "tests\Avalonia.Xaml.Interactivity.UnitTests\Avalonia.Xaml.Interactivity.UnitTests.csproj", "{C2229490-39CA-4192-A28C-1B5EC186E027}"
EndProject
Project("{9A19103F-16F7-4668-BE54-9A1E7A4F7556}") = "Avalonia.Xaml.Interactions.UnitTests", "tests\Avalonia.Xaml.Interactions.UnitTests\Avalonia.Xaml.Interactions.UnitTests.csproj", "{80D2C64D-B560-475D-941F-D5F28DDB2591}"
EndProject
Project("{9A19103F-16F7-4668-BE54-9A1E7A4F7556}") = "Avalonia.Xaml.Interactions.Custom.UnitTests", "tests\Avalonia.Xaml.Interactions.Custom.UnitTests\Avalonia.Xaml.Interactions.Custom.UnitTests.csproj", "{DB7F8167-7437-4218-B825-5ECF94721FC0}"
EndProject
Project("{2150E333-8FDC-42A3-9474-1A3956D46DE8}") = "src", "src", "{84224365-32B6-46AF-85A2-45640E6D7EEB}"
EndProject
Project("{2150E333-8FDC-42A3-9474-1A3956D46DE8}") = "build", "build", "{2913483A-3E55-44AE-86BB-88511F372191}"
	ProjectSection(SolutionItems) = preProject
		.editorconfig = .editorconfig
		.nuke = .nuke
		build\behaviors.public.snk = build\behaviors.public.snk
		build.ps1 = build.ps1
		build.sh = build.sh
		global.json = global.json
	EndProjectSection
EndProject
Project("{2150E333-8FDC-42A3-9474-1A3956D46DE8}") = "props", "props", "{40A43022-EBA7-4E1D-8BB0-2691E41B5622}"
	ProjectSection(SolutionItems) = preProject
		build\Avalonia.Desktop.props = build\Avalonia.Desktop.props
		build\Avalonia.Diagnostics.props = build\Avalonia.Diagnostics.props
		build\Avalonia.props = build\Avalonia.props
		build\Base.props = build\Base.props
		build\ReferenceAssemblies.props = build\ReferenceAssemblies.props
		build\SignAssembly.props = build\SignAssembly.props
		build\SourceLink.props = build\SourceLink.props
		build\XUnit.props = build\XUnit.props
	EndProjectSection
EndProject
Project("{2150E333-8FDC-42A3-9474-1A3956D46DE8}") = "nuget", "nuget", "{721A55B7-C5B0-44E2-803A-56E291C672FE}"
	ProjectSection(SolutionItems) = preProject
		NuGet.Config = NuGet.Config
	EndProjectSection
EndProject
Project("{2150E333-8FDC-42A3-9474-1A3956D46DE8}") = "docs", "docs", "{8A0733E3-A184-4BD4-8CB7-478977F3F5FB}"
	ProjectSection(SolutionItems) = preProject
		LICENSE.TXT = LICENSE.TXT
		README.md = README.md
	EndProjectSection
EndProject
Project("{2150E333-8FDC-42A3-9474-1A3956D46DE8}") = "git", "git", "{0B395300-CACE-470D-81A9-69B922FB79DE}"
	ProjectSection(SolutionItems) = preProject
		.gitattributes = .gitattributes
		.gitignore = .gitignore
	EndProjectSection
EndProject
Project("{9A19103F-16F7-4668-BE54-9A1E7A4F7556}") = "_build", "build\build\_build.csproj", "{005E7A00-4EA8-43F6-868E-1F8965D39CAA}"
EndProject
Project("{FAE04EC0-301F-11D3-BF4B-00C04F79EFBC}") = "Avalonia.Xaml.Interactions.DragAndDrop", "src\Avalonia.Xaml.Interactions.DragAndDrop\Avalonia.Xaml.Interactions.DragAndDrop.csproj", "{C858BEFC-41A2-43C9-85DD-66B6F4C07778}"
EndProject
Global
	GlobalSection(SolutionConfigurationPlatforms) = preSolution
		Ad-Hoc|Any CPU = Ad-Hoc|Any CPU
		Ad-Hoc|iPhone = Ad-Hoc|iPhone
		Ad-Hoc|iPhoneSimulator = Ad-Hoc|iPhoneSimulator
		AppStore|Any CPU = AppStore|Any CPU
		AppStore|iPhone = AppStore|iPhone
		AppStore|iPhoneSimulator = AppStore|iPhoneSimulator
		Debug|Any CPU = Debug|Any CPU
		Debug|iPhone = Debug|iPhone
		Debug|iPhoneSimulator = Debug|iPhoneSimulator
		Release|Any CPU = Release|Any CPU
		Release|iPhone = Release|iPhone
		Release|iPhoneSimulator = Release|iPhoneSimulator
	EndGlobalSection
	GlobalSection(ProjectConfigurationPlatforms) = postSolution
		{EA113F1A-D8D7-4142-9948-353270E7EBAE}.Ad-Hoc|Any CPU.ActiveCfg = Release|Any CPU
		{EA113F1A-D8D7-4142-9948-353270E7EBAE}.Ad-Hoc|Any CPU.Build.0 = Release|Any CPU
		{EA113F1A-D8D7-4142-9948-353270E7EBAE}.Ad-Hoc|iPhone.ActiveCfg = Release|Any CPU
		{EA113F1A-D8D7-4142-9948-353270E7EBAE}.Ad-Hoc|iPhone.Build.0 = Release|Any CPU
		{EA113F1A-D8D7-4142-9948-353270E7EBAE}.Ad-Hoc|iPhoneSimulator.ActiveCfg = Release|Any CPU
		{EA113F1A-D8D7-4142-9948-353270E7EBAE}.Ad-Hoc|iPhoneSimulator.Build.0 = Release|Any CPU
		{EA113F1A-D8D7-4142-9948-353270E7EBAE}.AppStore|Any CPU.ActiveCfg = Release|Any CPU
		{EA113F1A-D8D7-4142-9948-353270E7EBAE}.AppStore|Any CPU.Build.0 = Release|Any CPU
		{EA113F1A-D8D7-4142-9948-353270E7EBAE}.AppStore|iPhone.ActiveCfg = Release|Any CPU
		{EA113F1A-D8D7-4142-9948-353270E7EBAE}.AppStore|iPhone.Build.0 = Release|Any CPU
		{EA113F1A-D8D7-4142-9948-353270E7EBAE}.AppStore|iPhoneSimulator.ActiveCfg = Release|Any CPU
		{EA113F1A-D8D7-4142-9948-353270E7EBAE}.AppStore|iPhoneSimulator.Build.0 = Release|Any CPU
		{EA113F1A-D8D7-4142-9948-353270E7EBAE}.Debug|Any CPU.ActiveCfg = Debug|Any CPU
		{EA113F1A-D8D7-4142-9948-353270E7EBAE}.Debug|Any CPU.Build.0 = Debug|Any CPU
		{EA113F1A-D8D7-4142-9948-353270E7EBAE}.Debug|iPhone.ActiveCfg = Debug|Any CPU
		{EA113F1A-D8D7-4142-9948-353270E7EBAE}.Debug|iPhone.Build.0 = Debug|Any CPU
		{EA113F1A-D8D7-4142-9948-353270E7EBAE}.Debug|iPhoneSimulator.ActiveCfg = Debug|Any CPU
		{EA113F1A-D8D7-4142-9948-353270E7EBAE}.Debug|iPhoneSimulator.Build.0 = Debug|Any CPU
		{EA113F1A-D8D7-4142-9948-353270E7EBAE}.Release|Any CPU.ActiveCfg = Release|Any CPU
		{EA113F1A-D8D7-4142-9948-353270E7EBAE}.Release|Any CPU.Build.0 = Release|Any CPU
		{EA113F1A-D8D7-4142-9948-353270E7EBAE}.Release|iPhone.ActiveCfg = Release|Any CPU
		{EA113F1A-D8D7-4142-9948-353270E7EBAE}.Release|iPhone.Build.0 = Release|Any CPU
		{EA113F1A-D8D7-4142-9948-353270E7EBAE}.Release|iPhoneSimulator.ActiveCfg = Release|Any CPU
		{EA113F1A-D8D7-4142-9948-353270E7EBAE}.Release|iPhoneSimulator.Build.0 = Release|Any CPU
		{2D9FCE6A-DF13-4037-BC33-7EDB06102A2E}.Ad-Hoc|Any CPU.ActiveCfg = Release|Any CPU
		{2D9FCE6A-DF13-4037-BC33-7EDB06102A2E}.Ad-Hoc|Any CPU.Build.0 = Release|Any CPU
		{2D9FCE6A-DF13-4037-BC33-7EDB06102A2E}.Ad-Hoc|iPhone.ActiveCfg = Release|Any CPU
		{2D9FCE6A-DF13-4037-BC33-7EDB06102A2E}.Ad-Hoc|iPhone.Build.0 = Release|Any CPU
		{2D9FCE6A-DF13-4037-BC33-7EDB06102A2E}.Ad-Hoc|iPhoneSimulator.ActiveCfg = Release|Any CPU
		{2D9FCE6A-DF13-4037-BC33-7EDB06102A2E}.Ad-Hoc|iPhoneSimulator.Build.0 = Release|Any CPU
		{2D9FCE6A-DF13-4037-BC33-7EDB06102A2E}.AppStore|Any CPU.ActiveCfg = Release|Any CPU
		{2D9FCE6A-DF13-4037-BC33-7EDB06102A2E}.AppStore|Any CPU.Build.0 = Release|Any CPU
		{2D9FCE6A-DF13-4037-BC33-7EDB06102A2E}.AppStore|iPhone.ActiveCfg = Release|Any CPU
		{2D9FCE6A-DF13-4037-BC33-7EDB06102A2E}.AppStore|iPhone.Build.0 = Release|Any CPU
		{2D9FCE6A-DF13-4037-BC33-7EDB06102A2E}.AppStore|iPhoneSimulator.ActiveCfg = Release|Any CPU
		{2D9FCE6A-DF13-4037-BC33-7EDB06102A2E}.AppStore|iPhoneSimulator.Build.0 = Release|Any CPU
		{2D9FCE6A-DF13-4037-BC33-7EDB06102A2E}.Debug|Any CPU.ActiveCfg = Debug|Any CPU
		{2D9FCE6A-DF13-4037-BC33-7EDB06102A2E}.Debug|Any CPU.Build.0 = Debug|Any CPU
		{2D9FCE6A-DF13-4037-BC33-7EDB06102A2E}.Debug|iPhone.ActiveCfg = Debug|Any CPU
		{2D9FCE6A-DF13-4037-BC33-7EDB06102A2E}.Debug|iPhone.Build.0 = Debug|Any CPU
		{2D9FCE6A-DF13-4037-BC33-7EDB06102A2E}.Debug|iPhoneSimulator.ActiveCfg = Debug|Any CPU
		{2D9FCE6A-DF13-4037-BC33-7EDB06102A2E}.Debug|iPhoneSimulator.Build.0 = Debug|Any CPU
		{2D9FCE6A-DF13-4037-BC33-7EDB06102A2E}.Release|Any CPU.ActiveCfg = Release|Any CPU
		{2D9FCE6A-DF13-4037-BC33-7EDB06102A2E}.Release|Any CPU.Build.0 = Release|Any CPU
		{2D9FCE6A-DF13-4037-BC33-7EDB06102A2E}.Release|iPhone.ActiveCfg = Release|Any CPU
		{2D9FCE6A-DF13-4037-BC33-7EDB06102A2E}.Release|iPhone.Build.0 = Release|Any CPU
		{2D9FCE6A-DF13-4037-BC33-7EDB06102A2E}.Release|iPhoneSimulator.ActiveCfg = Release|Any CPU
		{2D9FCE6A-DF13-4037-BC33-7EDB06102A2E}.Release|iPhoneSimulator.Build.0 = Release|Any CPU
		{14006EB4-66E9-4B58-BF5F-5A1983BF4621}.Ad-Hoc|Any CPU.ActiveCfg = Release|Any CPU
		{14006EB4-66E9-4B58-BF5F-5A1983BF4621}.Ad-Hoc|Any CPU.Build.0 = Release|Any CPU
		{14006EB4-66E9-4B58-BF5F-5A1983BF4621}.Ad-Hoc|iPhone.ActiveCfg = Release|Any CPU
		{14006EB4-66E9-4B58-BF5F-5A1983BF4621}.Ad-Hoc|iPhone.Build.0 = Release|Any CPU
		{14006EB4-66E9-4B58-BF5F-5A1983BF4621}.Ad-Hoc|iPhoneSimulator.ActiveCfg = Release|Any CPU
		{14006EB4-66E9-4B58-BF5F-5A1983BF4621}.Ad-Hoc|iPhoneSimulator.Build.0 = Release|Any CPU
		{14006EB4-66E9-4B58-BF5F-5A1983BF4621}.AppStore|Any CPU.ActiveCfg = Release|Any CPU
		{14006EB4-66E9-4B58-BF5F-5A1983BF4621}.AppStore|Any CPU.Build.0 = Release|Any CPU
		{14006EB4-66E9-4B58-BF5F-5A1983BF4621}.AppStore|iPhone.ActiveCfg = Release|Any CPU
		{14006EB4-66E9-4B58-BF5F-5A1983BF4621}.AppStore|iPhone.Build.0 = Release|Any CPU
		{14006EB4-66E9-4B58-BF5F-5A1983BF4621}.AppStore|iPhoneSimulator.ActiveCfg = Release|Any CPU
		{14006EB4-66E9-4B58-BF5F-5A1983BF4621}.AppStore|iPhoneSimulator.Build.0 = Release|Any CPU
		{14006EB4-66E9-4B58-BF5F-5A1983BF4621}.Debug|Any CPU.ActiveCfg = Debug|Any CPU
		{14006EB4-66E9-4B58-BF5F-5A1983BF4621}.Debug|Any CPU.Build.0 = Debug|Any CPU
		{14006EB4-66E9-4B58-BF5F-5A1983BF4621}.Debug|iPhone.ActiveCfg = Debug|Any CPU
		{14006EB4-66E9-4B58-BF5F-5A1983BF4621}.Debug|iPhone.Build.0 = Debug|Any CPU
		{14006EB4-66E9-4B58-BF5F-5A1983BF4621}.Debug|iPhoneSimulator.ActiveCfg = Debug|Any CPU
		{14006EB4-66E9-4B58-BF5F-5A1983BF4621}.Debug|iPhoneSimulator.Build.0 = Debug|Any CPU
		{14006EB4-66E9-4B58-BF5F-5A1983BF4621}.Release|Any CPU.ActiveCfg = Release|Any CPU
		{14006EB4-66E9-4B58-BF5F-5A1983BF4621}.Release|Any CPU.Build.0 = Release|Any CPU
		{14006EB4-66E9-4B58-BF5F-5A1983BF4621}.Release|iPhone.ActiveCfg = Release|Any CPU
		{14006EB4-66E9-4B58-BF5F-5A1983BF4621}.Release|iPhone.Build.0 = Release|Any CPU
		{14006EB4-66E9-4B58-BF5F-5A1983BF4621}.Release|iPhoneSimulator.ActiveCfg = Release|Any CPU
		{14006EB4-66E9-4B58-BF5F-5A1983BF4621}.Release|iPhoneSimulator.Build.0 = Release|Any CPU
		{ED03EEAD-938F-447B-BF0B-30857AE78BFF}.Ad-Hoc|Any CPU.ActiveCfg = Release|Any CPU
		{ED03EEAD-938F-447B-BF0B-30857AE78BFF}.Ad-Hoc|Any CPU.Build.0 = Release|Any CPU
		{ED03EEAD-938F-447B-BF0B-30857AE78BFF}.Ad-Hoc|iPhone.ActiveCfg = Release|Any CPU
		{ED03EEAD-938F-447B-BF0B-30857AE78BFF}.Ad-Hoc|iPhone.Build.0 = Release|Any CPU
		{ED03EEAD-938F-447B-BF0B-30857AE78BFF}.Ad-Hoc|iPhoneSimulator.ActiveCfg = Release|Any CPU
		{ED03EEAD-938F-447B-BF0B-30857AE78BFF}.Ad-Hoc|iPhoneSimulator.Build.0 = Release|Any CPU
		{ED03EEAD-938F-447B-BF0B-30857AE78BFF}.AppStore|Any CPU.ActiveCfg = Release|Any CPU
		{ED03EEAD-938F-447B-BF0B-30857AE78BFF}.AppStore|Any CPU.Build.0 = Release|Any CPU
		{ED03EEAD-938F-447B-BF0B-30857AE78BFF}.AppStore|iPhone.ActiveCfg = Release|Any CPU
		{ED03EEAD-938F-447B-BF0B-30857AE78BFF}.AppStore|iPhone.Build.0 = Release|Any CPU
		{ED03EEAD-938F-447B-BF0B-30857AE78BFF}.AppStore|iPhoneSimulator.ActiveCfg = Release|Any CPU
		{ED03EEAD-938F-447B-BF0B-30857AE78BFF}.AppStore|iPhoneSimulator.Build.0 = Release|Any CPU
		{ED03EEAD-938F-447B-BF0B-30857AE78BFF}.Debug|Any CPU.ActiveCfg = Debug|Any CPU
		{ED03EEAD-938F-447B-BF0B-30857AE78BFF}.Debug|Any CPU.Build.0 = Debug|Any CPU
		{ED03EEAD-938F-447B-BF0B-30857AE78BFF}.Debug|iPhone.ActiveCfg = Debug|Any CPU
		{ED03EEAD-938F-447B-BF0B-30857AE78BFF}.Debug|iPhone.Build.0 = Debug|Any CPU
		{ED03EEAD-938F-447B-BF0B-30857AE78BFF}.Debug|iPhoneSimulator.ActiveCfg = Debug|Any CPU
		{ED03EEAD-938F-447B-BF0B-30857AE78BFF}.Debug|iPhoneSimulator.Build.0 = Debug|Any CPU
		{ED03EEAD-938F-447B-BF0B-30857AE78BFF}.Release|Any CPU.ActiveCfg = Release|Any CPU
		{ED03EEAD-938F-447B-BF0B-30857AE78BFF}.Release|Any CPU.Build.0 = Release|Any CPU
		{ED03EEAD-938F-447B-BF0B-30857AE78BFF}.Release|iPhone.ActiveCfg = Release|Any CPU
		{ED03EEAD-938F-447B-BF0B-30857AE78BFF}.Release|iPhone.Build.0 = Release|Any CPU
		{ED03EEAD-938F-447B-BF0B-30857AE78BFF}.Release|iPhoneSimulator.ActiveCfg = Release|Any CPU
		{ED03EEAD-938F-447B-BF0B-30857AE78BFF}.Release|iPhoneSimulator.Build.0 = Release|Any CPU
		{7239203A-1743-42E8-A867-3AC38C39DC2B}.Ad-Hoc|Any CPU.ActiveCfg = Release|Any CPU
		{7239203A-1743-42E8-A867-3AC38C39DC2B}.Ad-Hoc|Any CPU.Build.0 = Release|Any CPU
		{7239203A-1743-42E8-A867-3AC38C39DC2B}.Ad-Hoc|iPhone.ActiveCfg = Release|Any CPU
		{7239203A-1743-42E8-A867-3AC38C39DC2B}.Ad-Hoc|iPhone.Build.0 = Release|Any CPU
		{7239203A-1743-42E8-A867-3AC38C39DC2B}.Ad-Hoc|iPhoneSimulator.ActiveCfg = Release|Any CPU
		{7239203A-1743-42E8-A867-3AC38C39DC2B}.Ad-Hoc|iPhoneSimulator.Build.0 = Release|Any CPU
		{7239203A-1743-42E8-A867-3AC38C39DC2B}.AppStore|Any CPU.ActiveCfg = Release|Any CPU
		{7239203A-1743-42E8-A867-3AC38C39DC2B}.AppStore|Any CPU.Build.0 = Release|Any CPU
		{7239203A-1743-42E8-A867-3AC38C39DC2B}.AppStore|iPhone.ActiveCfg = Release|Any CPU
		{7239203A-1743-42E8-A867-3AC38C39DC2B}.AppStore|iPhone.Build.0 = Release|Any CPU
		{7239203A-1743-42E8-A867-3AC38C39DC2B}.AppStore|iPhoneSimulator.ActiveCfg = Release|Any CPU
		{7239203A-1743-42E8-A867-3AC38C39DC2B}.AppStore|iPhoneSimulator.Build.0 = Release|Any CPU
		{7239203A-1743-42E8-A867-3AC38C39DC2B}.Debug|Any CPU.ActiveCfg = Debug|Any CPU
		{7239203A-1743-42E8-A867-3AC38C39DC2B}.Debug|Any CPU.Build.0 = Debug|Any CPU
		{7239203A-1743-42E8-A867-3AC38C39DC2B}.Debug|iPhone.ActiveCfg = Debug|Any CPU
		{7239203A-1743-42E8-A867-3AC38C39DC2B}.Debug|iPhone.Build.0 = Debug|Any CPU
		{7239203A-1743-42E8-A867-3AC38C39DC2B}.Debug|iPhoneSimulator.ActiveCfg = Debug|Any CPU
		{7239203A-1743-42E8-A867-3AC38C39DC2B}.Debug|iPhoneSimulator.Build.0 = Debug|Any CPU
		{7239203A-1743-42E8-A867-3AC38C39DC2B}.Release|Any CPU.ActiveCfg = Release|Any CPU
		{7239203A-1743-42E8-A867-3AC38C39DC2B}.Release|Any CPU.Build.0 = Release|Any CPU
		{7239203A-1743-42E8-A867-3AC38C39DC2B}.Release|iPhone.ActiveCfg = Release|Any CPU
		{7239203A-1743-42E8-A867-3AC38C39DC2B}.Release|iPhone.Build.0 = Release|Any CPU
		{7239203A-1743-42E8-A867-3AC38C39DC2B}.Release|iPhoneSimulator.ActiveCfg = Release|Any CPU
		{7239203A-1743-42E8-A867-3AC38C39DC2B}.Release|iPhoneSimulator.Build.0 = Release|Any CPU
		{C2229490-39CA-4192-A28C-1B5EC186E027}.Ad-Hoc|Any CPU.ActiveCfg = Release|Any CPU
		{C2229490-39CA-4192-A28C-1B5EC186E027}.Ad-Hoc|Any CPU.Build.0 = Release|Any CPU
		{C2229490-39CA-4192-A28C-1B5EC186E027}.Ad-Hoc|iPhone.ActiveCfg = Release|Any CPU
		{C2229490-39CA-4192-A28C-1B5EC186E027}.Ad-Hoc|iPhone.Build.0 = Release|Any CPU
		{C2229490-39CA-4192-A28C-1B5EC186E027}.Ad-Hoc|iPhoneSimulator.ActiveCfg = Release|Any CPU
		{C2229490-39CA-4192-A28C-1B5EC186E027}.Ad-Hoc|iPhoneSimulator.Build.0 = Release|Any CPU
		{C2229490-39CA-4192-A28C-1B5EC186E027}.AppStore|Any CPU.ActiveCfg = Release|Any CPU
		{C2229490-39CA-4192-A28C-1B5EC186E027}.AppStore|Any CPU.Build.0 = Release|Any CPU
		{C2229490-39CA-4192-A28C-1B5EC186E027}.AppStore|iPhone.ActiveCfg = Release|Any CPU
		{C2229490-39CA-4192-A28C-1B5EC186E027}.AppStore|iPhone.Build.0 = Release|Any CPU
		{C2229490-39CA-4192-A28C-1B5EC186E027}.AppStore|iPhoneSimulator.ActiveCfg = Release|Any CPU
		{C2229490-39CA-4192-A28C-1B5EC186E027}.AppStore|iPhoneSimulator.Build.0 = Release|Any CPU
		{C2229490-39CA-4192-A28C-1B5EC186E027}.Debug|Any CPU.ActiveCfg = Debug|Any CPU
		{C2229490-39CA-4192-A28C-1B5EC186E027}.Debug|Any CPU.Build.0 = Debug|Any CPU
		{C2229490-39CA-4192-A28C-1B5EC186E027}.Debug|iPhone.ActiveCfg = Debug|Any CPU
		{C2229490-39CA-4192-A28C-1B5EC186E027}.Debug|iPhone.Build.0 = Debug|Any CPU
		{C2229490-39CA-4192-A28C-1B5EC186E027}.Debug|iPhoneSimulator.ActiveCfg = Debug|Any CPU
		{C2229490-39CA-4192-A28C-1B5EC186E027}.Debug|iPhoneSimulator.Build.0 = Debug|Any CPU
		{C2229490-39CA-4192-A28C-1B5EC186E027}.Release|Any CPU.ActiveCfg = Release|Any CPU
		{C2229490-39CA-4192-A28C-1B5EC186E027}.Release|Any CPU.Build.0 = Release|Any CPU
		{C2229490-39CA-4192-A28C-1B5EC186E027}.Release|iPhone.ActiveCfg = Release|Any CPU
		{C2229490-39CA-4192-A28C-1B5EC186E027}.Release|iPhone.Build.0 = Release|Any CPU
		{C2229490-39CA-4192-A28C-1B5EC186E027}.Release|iPhoneSimulator.ActiveCfg = Release|Any CPU
		{C2229490-39CA-4192-A28C-1B5EC186E027}.Release|iPhoneSimulator.Build.0 = Release|Any CPU
		{80D2C64D-B560-475D-941F-D5F28DDB2591}.Ad-Hoc|Any CPU.ActiveCfg = Release|Any CPU
		{80D2C64D-B560-475D-941F-D5F28DDB2591}.Ad-Hoc|Any CPU.Build.0 = Release|Any CPU
		{80D2C64D-B560-475D-941F-D5F28DDB2591}.Ad-Hoc|iPhone.ActiveCfg = Release|Any CPU
		{80D2C64D-B560-475D-941F-D5F28DDB2591}.Ad-Hoc|iPhone.Build.0 = Release|Any CPU
		{80D2C64D-B560-475D-941F-D5F28DDB2591}.Ad-Hoc|iPhoneSimulator.ActiveCfg = Release|Any CPU
		{80D2C64D-B560-475D-941F-D5F28DDB2591}.Ad-Hoc|iPhoneSimulator.Build.0 = Release|Any CPU
		{80D2C64D-B560-475D-941F-D5F28DDB2591}.AppStore|Any CPU.ActiveCfg = Release|Any CPU
		{80D2C64D-B560-475D-941F-D5F28DDB2591}.AppStore|Any CPU.Build.0 = Release|Any CPU
		{80D2C64D-B560-475D-941F-D5F28DDB2591}.AppStore|iPhone.ActiveCfg = Release|Any CPU
		{80D2C64D-B560-475D-941F-D5F28DDB2591}.AppStore|iPhone.Build.0 = Release|Any CPU
		{80D2C64D-B560-475D-941F-D5F28DDB2591}.AppStore|iPhoneSimulator.ActiveCfg = Release|Any CPU
		{80D2C64D-B560-475D-941F-D5F28DDB2591}.AppStore|iPhoneSimulator.Build.0 = Release|Any CPU
		{80D2C64D-B560-475D-941F-D5F28DDB2591}.Debug|Any CPU.ActiveCfg = Debug|Any CPU
		{80D2C64D-B560-475D-941F-D5F28DDB2591}.Debug|Any CPU.Build.0 = Debug|Any CPU
		{80D2C64D-B560-475D-941F-D5F28DDB2591}.Debug|iPhone.ActiveCfg = Debug|Any CPU
		{80D2C64D-B560-475D-941F-D5F28DDB2591}.Debug|iPhone.Build.0 = Debug|Any CPU
		{80D2C64D-B560-475D-941F-D5F28DDB2591}.Debug|iPhoneSimulator.ActiveCfg = Debug|Any CPU
		{80D2C64D-B560-475D-941F-D5F28DDB2591}.Debug|iPhoneSimulator.Build.0 = Debug|Any CPU
		{80D2C64D-B560-475D-941F-D5F28DDB2591}.Release|Any CPU.ActiveCfg = Release|Any CPU
		{80D2C64D-B560-475D-941F-D5F28DDB2591}.Release|Any CPU.Build.0 = Release|Any CPU
		{80D2C64D-B560-475D-941F-D5F28DDB2591}.Release|iPhone.ActiveCfg = Release|Any CPU
		{80D2C64D-B560-475D-941F-D5F28DDB2591}.Release|iPhone.Build.0 = Release|Any CPU
		{80D2C64D-B560-475D-941F-D5F28DDB2591}.Release|iPhoneSimulator.ActiveCfg = Release|Any CPU
		{80D2C64D-B560-475D-941F-D5F28DDB2591}.Release|iPhoneSimulator.Build.0 = Release|Any CPU
		{DB7F8167-7437-4218-B825-5ECF94721FC0}.Ad-Hoc|Any CPU.ActiveCfg = Release|Any CPU
		{DB7F8167-7437-4218-B825-5ECF94721FC0}.Ad-Hoc|Any CPU.Build.0 = Release|Any CPU
		{DB7F8167-7437-4218-B825-5ECF94721FC0}.Ad-Hoc|iPhone.ActiveCfg = Release|Any CPU
		{DB7F8167-7437-4218-B825-5ECF94721FC0}.Ad-Hoc|iPhone.Build.0 = Release|Any CPU
		{DB7F8167-7437-4218-B825-5ECF94721FC0}.Ad-Hoc|iPhoneSimulator.ActiveCfg = Release|Any CPU
		{DB7F8167-7437-4218-B825-5ECF94721FC0}.Ad-Hoc|iPhoneSimulator.Build.0 = Release|Any CPU
		{DB7F8167-7437-4218-B825-5ECF94721FC0}.AppStore|Any CPU.ActiveCfg = Release|Any CPU
		{DB7F8167-7437-4218-B825-5ECF94721FC0}.AppStore|Any CPU.Build.0 = Release|Any CPU
		{DB7F8167-7437-4218-B825-5ECF94721FC0}.AppStore|iPhone.ActiveCfg = Release|Any CPU
		{DB7F8167-7437-4218-B825-5ECF94721FC0}.AppStore|iPhone.Build.0 = Release|Any CPU
		{DB7F8167-7437-4218-B825-5ECF94721FC0}.AppStore|iPhoneSimulator.ActiveCfg = Release|Any CPU
		{DB7F8167-7437-4218-B825-5ECF94721FC0}.AppStore|iPhoneSimulator.Build.0 = Release|Any CPU
		{DB7F8167-7437-4218-B825-5ECF94721FC0}.Debug|Any CPU.ActiveCfg = Debug|Any CPU
		{DB7F8167-7437-4218-B825-5ECF94721FC0}.Debug|Any CPU.Build.0 = Debug|Any CPU
		{DB7F8167-7437-4218-B825-5ECF94721FC0}.Debug|iPhone.ActiveCfg = Debug|Any CPU
		{DB7F8167-7437-4218-B825-5ECF94721FC0}.Debug|iPhone.Build.0 = Debug|Any CPU
		{DB7F8167-7437-4218-B825-5ECF94721FC0}.Debug|iPhoneSimulator.ActiveCfg = Debug|Any CPU
		{DB7F8167-7437-4218-B825-5ECF94721FC0}.Debug|iPhoneSimulator.Build.0 = Debug|Any CPU
		{DB7F8167-7437-4218-B825-5ECF94721FC0}.Release|Any CPU.ActiveCfg = Release|Any CPU
		{DB7F8167-7437-4218-B825-5ECF94721FC0}.Release|Any CPU.Build.0 = Release|Any CPU
		{DB7F8167-7437-4218-B825-5ECF94721FC0}.Release|iPhone.ActiveCfg = Release|Any CPU
		{DB7F8167-7437-4218-B825-5ECF94721FC0}.Release|iPhone.Build.0 = Release|Any CPU
		{DB7F8167-7437-4218-B825-5ECF94721FC0}.Release|iPhoneSimulator.ActiveCfg = Release|Any CPU
		{DB7F8167-7437-4218-B825-5ECF94721FC0}.Release|iPhoneSimulator.Build.0 = Release|Any CPU
		{005E7A00-4EA8-43F6-868E-1F8965D39CAA}.Ad-Hoc|Any CPU.ActiveCfg = Debug|Any CPU
		{005E7A00-4EA8-43F6-868E-1F8965D39CAA}.Ad-Hoc|Any CPU.Build.0 = Debug|Any CPU
		{005E7A00-4EA8-43F6-868E-1F8965D39CAA}.Ad-Hoc|iPhone.ActiveCfg = Debug|Any CPU
		{005E7A00-4EA8-43F6-868E-1F8965D39CAA}.Ad-Hoc|iPhone.Build.0 = Debug|Any CPU
		{005E7A00-4EA8-43F6-868E-1F8965D39CAA}.Ad-Hoc|iPhoneSimulator.ActiveCfg = Debug|Any CPU
		{005E7A00-4EA8-43F6-868E-1F8965D39CAA}.Ad-Hoc|iPhoneSimulator.Build.0 = Debug|Any CPU
		{005E7A00-4EA8-43F6-868E-1F8965D39CAA}.AppStore|Any CPU.ActiveCfg = Debug|Any CPU
		{005E7A00-4EA8-43F6-868E-1F8965D39CAA}.AppStore|Any CPU.Build.0 = Debug|Any CPU
		{005E7A00-4EA8-43F6-868E-1F8965D39CAA}.AppStore|iPhone.ActiveCfg = Debug|Any CPU
		{005E7A00-4EA8-43F6-868E-1F8965D39CAA}.AppStore|iPhone.Build.0 = Debug|Any CPU
		{005E7A00-4EA8-43F6-868E-1F8965D39CAA}.AppStore|iPhoneSimulator.ActiveCfg = Debug|Any CPU
		{005E7A00-4EA8-43F6-868E-1F8965D39CAA}.AppStore|iPhoneSimulator.Build.0 = Debug|Any CPU
		{005E7A00-4EA8-43F6-868E-1F8965D39CAA}.Debug|Any CPU.ActiveCfg = Debug|Any CPU
		{005E7A00-4EA8-43F6-868E-1F8965D39CAA}.Debug|Any CPU.Build.0 = Debug|Any CPU
		{005E7A00-4EA8-43F6-868E-1F8965D39CAA}.Debug|iPhone.ActiveCfg = Debug|Any CPU
		{005E7A00-4EA8-43F6-868E-1F8965D39CAA}.Debug|iPhone.Build.0 = Debug|Any CPU
		{005E7A00-4EA8-43F6-868E-1F8965D39CAA}.Debug|iPhoneSimulator.ActiveCfg = Debug|Any CPU
		{005E7A00-4EA8-43F6-868E-1F8965D39CAA}.Debug|iPhoneSimulator.Build.0 = Debug|Any CPU
		{005E7A00-4EA8-43F6-868E-1F8965D39CAA}.Release|Any CPU.ActiveCfg = Release|Any CPU
		{005E7A00-4EA8-43F6-868E-1F8965D39CAA}.Release|Any CPU.Build.0 = Release|Any CPU
		{005E7A00-4EA8-43F6-868E-1F8965D39CAA}.Release|iPhone.ActiveCfg = Release|Any CPU
		{005E7A00-4EA8-43F6-868E-1F8965D39CAA}.Release|iPhone.Build.0 = Release|Any CPU
		{005E7A00-4EA8-43F6-868E-1F8965D39CAA}.Release|iPhoneSimulator.ActiveCfg = Release|Any CPU
		{005E7A00-4EA8-43F6-868E-1F8965D39CAA}.Release|iPhoneSimulator.Build.0 = Release|Any CPU
		{C858BEFC-41A2-43C9-85DD-66B6F4C07778}.Ad-Hoc|Any CPU.ActiveCfg = Debug|Any CPU
		{C858BEFC-41A2-43C9-85DD-66B6F4C07778}.Ad-Hoc|Any CPU.Build.0 = Debug|Any CPU
		{C858BEFC-41A2-43C9-85DD-66B6F4C07778}.Ad-Hoc|iPhone.ActiveCfg = Debug|Any CPU
		{C858BEFC-41A2-43C9-85DD-66B6F4C07778}.Ad-Hoc|iPhone.Build.0 = Debug|Any CPU
		{C858BEFC-41A2-43C9-85DD-66B6F4C07778}.Ad-Hoc|iPhoneSimulator.ActiveCfg = Debug|Any CPU
		{C858BEFC-41A2-43C9-85DD-66B6F4C07778}.Ad-Hoc|iPhoneSimulator.Build.0 = Debug|Any CPU
		{C858BEFC-41A2-43C9-85DD-66B6F4C07778}.AppStore|Any CPU.ActiveCfg = Debug|Any CPU
		{C858BEFC-41A2-43C9-85DD-66B6F4C07778}.AppStore|Any CPU.Build.0 = Debug|Any CPU
		{C858BEFC-41A2-43C9-85DD-66B6F4C07778}.AppStore|iPhone.ActiveCfg = Debug|Any CPU
		{C858BEFC-41A2-43C9-85DD-66B6F4C07778}.AppStore|iPhone.Build.0 = Debug|Any CPU
		{C858BEFC-41A2-43C9-85DD-66B6F4C07778}.AppStore|iPhoneSimulator.ActiveCfg = Debug|Any CPU
		{C858BEFC-41A2-43C9-85DD-66B6F4C07778}.AppStore|iPhoneSimulator.Build.0 = Debug|Any CPU
		{C858BEFC-41A2-43C9-85DD-66B6F4C07778}.Debug|Any CPU.ActiveCfg = Debug|Any CPU
		{C858BEFC-41A2-43C9-85DD-66B6F4C07778}.Debug|Any CPU.Build.0 = Debug|Any CPU
		{C858BEFC-41A2-43C9-85DD-66B6F4C07778}.Debug|iPhone.ActiveCfg = Debug|Any CPU
		{C858BEFC-41A2-43C9-85DD-66B6F4C07778}.Debug|iPhone.Build.0 = Debug|Any CPU
		{C858BEFC-41A2-43C9-85DD-66B6F4C07778}.Debug|iPhoneSimulator.ActiveCfg = Debug|Any CPU
		{C858BEFC-41A2-43C9-85DD-66B6F4C07778}.Debug|iPhoneSimulator.Build.0 = Debug|Any CPU
		{C858BEFC-41A2-43C9-85DD-66B6F4C07778}.Release|Any CPU.ActiveCfg = Release|Any CPU
		{C858BEFC-41A2-43C9-85DD-66B6F4C07778}.Release|Any CPU.Build.0 = Release|Any CPU
		{C858BEFC-41A2-43C9-85DD-66B6F4C07778}.Release|iPhone.ActiveCfg = Release|Any CPU
		{C858BEFC-41A2-43C9-85DD-66B6F4C07778}.Release|iPhone.Build.0 = Release|Any CPU
		{C858BEFC-41A2-43C9-85DD-66B6F4C07778}.Release|iPhoneSimulator.ActiveCfg = Release|Any CPU
		{C858BEFC-41A2-43C9-85DD-66B6F4C07778}.Release|iPhoneSimulator.Build.0 = Release|Any CPU
	EndGlobalSection
	GlobalSection(SolutionProperties) = preSolution
		HideSolutionNode = FALSE
	EndGlobalSection
	GlobalSection(NestedProjects) = preSolution
		{EA113F1A-D8D7-4142-9948-353270E7EBAE} = {9B9E3891-2366-4253-A952-D08BCEB71098}
		{2D9FCE6A-DF13-4037-BC33-7EDB06102A2E} = {84224365-32B6-46AF-85A2-45640E6D7EEB}
		{14006EB4-66E9-4B58-BF5F-5A1983BF4621} = {84224365-32B6-46AF-85A2-45640E6D7EEB}
		{ED03EEAD-938F-447B-BF0B-30857AE78BFF} = {84224365-32B6-46AF-85A2-45640E6D7EEB}
		{7239203A-1743-42E8-A867-3AC38C39DC2B} = {84224365-32B6-46AF-85A2-45640E6D7EEB}
		{C2229490-39CA-4192-A28C-1B5EC186E027} = {C5A00AC3-B34C-4564-9BDD-2DA473EF4D8B}
		{80D2C64D-B560-475D-941F-D5F28DDB2591} = {C5A00AC3-B34C-4564-9BDD-2DA473EF4D8B}
		{DB7F8167-7437-4218-B825-5ECF94721FC0} = {C5A00AC3-B34C-4564-9BDD-2DA473EF4D8B}
		{40A43022-EBA7-4E1D-8BB0-2691E41B5622} = {2913483A-3E55-44AE-86BB-88511F372191}
		{721A55B7-C5B0-44E2-803A-56E291C672FE} = {2913483A-3E55-44AE-86BB-88511F372191}
		{0B395300-CACE-470D-81A9-69B922FB79DE} = {2913483A-3E55-44AE-86BB-88511F372191}
		{005E7A00-4EA8-43F6-868E-1F8965D39CAA} = {2913483A-3E55-44AE-86BB-88511F372191}
		{C858BEFC-41A2-43C9-85DD-66B6F4C07778} = {84224365-32B6-46AF-85A2-45640E6D7EEB}
	EndGlobalSection
	GlobalSection(ExtensibilityGlobals) = postSolution
		SolutionGuid = {E64CD420-15B1-487C-9806-41EBE6DC15A4}
	EndGlobalSection
EndGlobal
